
Microsoft Visual Studio Solution File, Format Version 12.00
# Visual Studio Version 17
VisualStudioVersion = 17.9.34728.123
MinimumVisualStudioVersion = 10.0.40219.1
Project("{FAE04EC0-301F-11D3-BF4B-00C04F79EFBC}") = "玉米粒计数", "玉米粒计数\玉米粒计数.csproj", "{F924B937-50CB-45D1-87AE-2A19A2CC4FAA}"
EndProject
Global
	GlobalSection(SolutionConfigurationPlatforms) = preSolution
		Debug|Any CPU = Debug|Any CPU
		Release|Any CPU = Release|Any CPU
	EndGlobalSection
	GlobalSection(ProjectConfigurationPlatforms) = postSolution
		{F924B937-50CB-45D1-87AE-2A19A2CC4FAA}.Debug|Any CPU.ActiveCfg = Debug|Any CPU
		{F924B937-50CB-45D1-87AE-2A19A2CC4FAA}.Debug|Any CPU.Build.0 = Debug|Any CPU
		{F924B937-50CB-45D1-87AE-2A19A2CC4FAA}.Release|Any CPU.ActiveCfg = Release|Any CPU
		{F924B937-50CB-45D1-87AE-2A19A2CC4FAA}.Release|Any CPU.Build.0 = Release|Any CPU
	EndGlobalSection
	GlobalSection(SolutionProperties) = preSolution
		HideSolutionNode = FALSE
	EndGlobalSection
	GlobalSection(ExtensibilityGlobals) = postSolution
		SolutionGuid = {D573B4CD-8D9A-411E-BF79-89711662FA8F}
	EndGlobalSection
EndGlobal
